{
	"name": "@zyf-lerna-dev/utils",
	"version": "1.0.1",
	"lockfileVersion": 1,
	"requires": true,
	"dependencies": {
		"zyf-hello": {
			"version": "1.0.3",
			"resolved": "https://registry.npmjs.org/zyf-hello/-/zyf-hello-1.0.3.tgz",
			"integrity": "sha512-IkG2Pjyyq3phHkT0uqF83FAdqV/UWMj/zPtALLzN3l76pEYcBNgkEiDDUF3Csp/5fKIiyySPHycEl1FJzvwE6g==",
			"requires": {
				"zyf-hello-lib": "^1.0.0"
			}
		},
		"zyf-hello-lib": {
			"version": "1.0.0",
			"resolved": "https://registry.npmjs.org/zyf-hello-lib/-/zyf-hello-lib-1.0.0.tgz",
			"integrity": "sha512-ztCqRzOWXo8l14h33XcDTi0KO80FiZzzdRpqFf3eOZljKvPDRlp1/9QU1nj0uXGFXlmiCwC865ZzZ+bVf0JJzw=="
		}
	}
}
